<Solution>
  <Folder Name="/src/">
    <Project Path="src/AkiSpace/AkiSpace.csproj" />
  </Folder>
  <Folder Name="/tools/">
    <Project Path="tools/AkiSpace.SelfTest/AkiSpace.SelfTest.csproj" />
  </Folder>
  <Folder Name="/tests/">
    <Project Path="tests/AkiSpace.Tests/AkiSpace.Tests.csproj" />
  </Folder>
</Solution>
